Microsoft Visual Studio Solution File, Format Version 12.00
# Visual Studio Version 17
VisualStudioVersion = 17.5.2.0
MinimumVisualStudioVersion = 10.0.40219.1
Project("{FAE04EC0-301F-11D3-BF4B-00C04F79EFBC}") = "dnd-witch-backend", "dnd-witch-backend.csproj", "{D287B0DB-EE04-5FFA-8544-5FE7A2F488B0}"
EndProject
Global
	GlobalSection(SolutionConfigurationPlatforms) = preSolution
		Debug|Any CPU = Debug|Any CPU
		Release|Any CPU = Release|Any CPU
	EndGlobalSection
	GlobalSection(ProjectConfigurationPlatforms) = postSolution
		{D287B0DB-EE04-5FFA-8544-5FE7A2F488B0}.Debug|Any CPU.ActiveCfg = Debug|Any CPU
		{D287B0DB-EE04-5FFA-8544-5FE7A2F488B0}.Debug|Any CPU.Build.0 = Debug|Any CPU
		{D287B0DB-EE04-5FFA-8544-5FE7A2F488B0}.Release|Any CPU.ActiveCfg = Release|Any CPU
		{D287B0DB-EE04-5FFA-8544-5FE7A2F488B0}.Release|Any CPU.Build.0 = Release|Any CPU
	EndGlobalSection
	GlobalSection(SolutionProperties) = preSolution
		HideSolutionNode = FALSE
	EndGlobalSection
	GlobalSection(ExtensibilityGlobals) = postSolution
		SolutionGuid = {248ACD2A-D62C-4FC7-9B33-A7C7A3C9A5A3}
	EndGlobalSection
EndGlobal
